{
  "name": "@sberdevices/spatial",
  "version": "1.0.0",
  "lockfileVersion": 1,
  "requires": true,
  "dependencies": {
    "@babel/runtime": {
      "version": "7.12.5",
      "resolved": "https://registry.npmjs.org/@babel/runtime/-/runtime-7.12.5.tgz",
      "integrity": "sha512-plcc+hbExy3McchJCEQG3knOsuh3HH+Prx1P6cLIkET/0dLuQDEnrT+s27Axgc9bqfsmNUNHfscgMUdBpC9xfg==",
      "dev": true,
      "requires": {
        "regenerator-runtime": "^0.13.4"
      }
    },
    "@types/hoist-non-react-statics": {
      "version": "3.3.1",
      "resolved": "https://registry.npmjs.org/@types/hoist-non-react-statics/-/hoist-non-react-statics-3.3.1.tgz",
      "integrity": "sha512-iMIqiko6ooLrTh1joXodJK5X9xeEALT1kM5G3ZLhD3hszxBdIEd5C75U834D9mLcINgD4OyZf5uQXjkuYydWvA==",
      "dev": true,
      "requires": {
        "@types/react": "*",
        "hoist-non-react-statics": "^3.3.0"
      }
    },
    "@types/js-cookie": {
      "version": "2.2.5",
      "resolved": "https://registry.npmjs.org/@types/js-cookie/-/js-cookie-2.2.5.tgz",
      "integrity": "sha512-cpmwBRcHJmmZx0OGU7aPVwGWGbs4iKwVYchk9iuMtxNCA2zorwdaTz4GkLgs2WGxiRZRFKnV1k6tRUHX7tBMxg==",
      "dev": true
    },
    "@types/node": {
      "version": "14.14.22",
      "resolved": "https://registry.npmjs.org/@types/node/-/node-14.14.22.tgz",
      "integrity": "sha512-g+f/qj/cNcqKkc3tFqlXOYjrmZA+jNBiDzbP3kH+B+otKFqAdPgVTGP1IeKRdMml/aE69as5S4FqtxAbl+LaMw==",
      "dev": true
    },
    "@types/prop-types": {
      "version": "15.7.3",
      "resolved": "https://registry.npmjs.org/@types/prop-types/-/prop-types-15.7.3.tgz",
      "integrity": "sha512-KfRL3PuHmqQLOG+2tGpRO26Ctg+Cq1E01D2DMriKEATHgWLfeNDmq9e29Q9WIky0dQ3NPkd1mzYH8Lm936Z9qw==",
      "dev": true
    },
    "@types/react": {
      "version": "17.0.0",
      "resolved": "https://registry.npmjs.org/@types/react/-/react-17.0.0.tgz",
      "integrity": "sha512-aj/L7RIMsRlWML3YB6KZiXB3fV2t41+5RBGYF8z+tAKU43Px8C3cYUZsDvf1/+Bm4FK21QWBrDutu8ZJ/70qOw==",
      "dev": true,
      "requires": {
        "@types/prop-types": "*",
        "csstype": "^3.0.2"
      }
    },
    "@types/styled-components": {
      "version": "5.1.7",
      "resolved": "https://registry.npmjs.org/@types/styled-components/-/styled-components-5.1.7.tgz",
      "integrity": "sha512-BJzPhFygYspyefAGFZTZ/8lCEY4Tk+Iqktvnko3xmJf9LrLqs3+grxPeU3O0zLl6yjbYBopD0/VikbHgXDbJtA==",
      "dev": true,
      "requires": {
        "@types/hoist-non-react-statics": "*",
        "@types/react": "*",
        "csstype": "^3.0.2"
      }
    },
    "@xobotyi/scrollbar-width": {
      "version": "1.9.4",
      "resolved": "https://registry.npmjs.org/@xobotyi/scrollbar-width/-/scrollbar-width-1.9.4.tgz",
      "integrity": "sha512-o12FCQt/X5n3pgKEWGpt0f/7Eg4mfv3uRwPUrctiOT8ZuxbH3cNLGWfH/8y6KxVJg4L2885ucuXQ6XECZzUiJA==",
      "dev": true
    },
    "copy-to-clipboard": {
      "version": "3.3.1",
      "resolved": "https://registry.npmjs.org/copy-to-clipboard/-/copy-to-clipboard-3.3.1.tgz",
      "integrity": "sha512-i13qo6kIHTTpCm8/Wup+0b1mVWETvu2kIMzKoK8FpkLkFxlt0znUAHcMzox+T8sPlqtZXq3CulEjQHsYiGFJUw==",
      "dev": true,
      "requires": {
        "toggle-selection": "^1.0.6"
      }
    },
    "css-in-js-utils": {
      "version": "2.0.1",
      "resolved": "https://registry.npmjs.org/css-in-js-utils/-/css-in-js-utils-2.0.1.tgz",
      "integrity": "sha512-PJF0SpJT+WdbVVt0AOYp9C8GnuruRlL/UFW7932nLWmFLQTaWEzTBQEx7/hn4BuV+WON75iAViSUJLiU3PKbpA==",
      "dev": true,
      "requires": {
        "hyphenate-style-name": "^1.0.2",
        "isobject": "^3.0.1"
      }
    },
    "css-tree": {
      "version": "1.1.2",
      "resolved": "https://registry.npmjs.org/css-tree/-/css-tree-1.1.2.tgz",
      "integrity": "sha512-wCoWush5Aeo48GLhfHPbmvZs59Z+M7k5+B1xDnXbdWNcEF423DoFdqSWE0PM5aNk5nI5cp1q7ms36zGApY/sKQ==",
      "dev": true,
      "requires": {
        "mdn-data": "2.0.14",
        "source-map": "^0.6.1"
      }
    },
    "csstype": {
      "version": "3.0.6",
      "resolved": "https://registry.npmjs.org/csstype/-/csstype-3.0.6.tgz",
      "integrity": "sha512-+ZAmfyWMT7TiIlzdqJgjMb7S4f1beorDbWbsocyK4RaiqA5RTX3K14bnBWmmA9QEM0gRdsjyyrEmcyga8Zsxmw==",
      "dev": true
    },
    "error-stack-parser": {
      "version": "2.0.6",
      "resolved": "https://registry.npmjs.org/error-stack-parser/-/error-stack-parser-2.0.6.tgz",
      "integrity": "sha512-d51brTeqC+BHlwF0BhPtcYgF5nlzf9ZZ0ZIUQNZpc9ZB9qw5IJ2diTrBY9jlCJkTLITYPjmiX6OWCwH+fuyNgQ==",
      "dev": true,
      "requires": {
        "stackframe": "^1.1.1"
      }
    },
    "fast-deep-equal": {
      "version": "3.1.3",
      "resolved": "https://registry.npmjs.org/fast-deep-equal/-/fast-deep-equal-3.1.3.tgz",
      "integrity": "sha512-f3qQ9oQy9j2AhBe/H9VC91wLmKBCCU/gDOnKNAYG5hswO7BLKj09Hc5HYNz9cGI++xlpDCIgDaitVs03ATR84Q==",
      "dev": true
    },
    "fast-shallow-equal": {
      "version": "1.0.0",
      "resolved": "https://registry.npmjs.org/fast-shallow-equal/-/fast-shallow-equal-1.0.0.tgz",
      "integrity": "sha512-HPtaa38cPgWvaCFmRNhlc6NG7pv6NUHqjPgVAkWGoB9mQMwYB27/K0CvOM5Czy+qpT3e8XJ6Q4aPAnzpNpzNaw==",
      "dev": true
    },
    "fastest-stable-stringify": {
      "version": "2.0.2",
      "resolved": "https://registry.npmjs.org/fastest-stable-stringify/-/fastest-stable-stringify-2.0.2.tgz",
      "integrity": "sha512-bijHueCGd0LqqNK9b5oCMHc0MluJAx0cwqASgbWMvkO01lCYgIhacVRLcaDz3QnyYIRNJRDwMb41VuT6pHJ91Q==",
      "dev": true
    },
    "hoist-non-react-statics": {
      "version": "3.3.2",
      "resolved": "https://registry.npmjs.org/hoist-non-react-statics/-/hoist-non-react-statics-3.3.2.tgz",
      "integrity": "sha512-/gGivxi8JPKWNm/W0jSmzcMPpfpPLc3dY/6GxhX2hQ9iGj3aDfklV4ET7NjKpSinLpJ5vafa9iiGIEZg10SfBw==",
      "dev": true,
      "requires": {
        "react-is": "^16.7.0"
      }
    },
    "hyphenate-style-name": {
      "version": "1.0.4",
      "resolved": "https://registry.npmjs.org/hyphenate-style-name/-/hyphenate-style-name-1.0.4.tgz",
      "integrity": "sha512-ygGZLjmXfPHj+ZWh6LwbC37l43MhfztxetbFCoYTM2VjkIUpeHgSNn7QIyVFj7YQ1Wl9Cbw5sholVJPzWvC2MQ==",
      "dev": true
    },
    "inline-style-prefixer": {
      "version": "6.0.0",
      "resolved": "https://registry.npmjs.org/inline-style-prefixer/-/inline-style-prefixer-6.0.0.tgz",
      "integrity": "sha512-XTHvRUS4ZJNzC1GixJRmOlWSS45fSt+DJoyQC9ytj0WxQfcgofQtDtyKKYxHUqEsWCs+LIWftPF1ie7+i012Fg==",
      "dev": true,
      "requires": {
        "css-in-js-utils": "^2.0.0"
      }
    },
    "isobject": {
      "version": "3.0.1",
      "resolved": "https://registry.npmjs.org/isobject/-/isobject-3.0.1.tgz",
      "integrity": "sha1-TkMekrEalzFjaqH5yNHMvP2reN8=",
      "dev": true
    },
    "js-cookie": {
      "version": "2.2.1",
      "resolved": "https://registry.npmjs.org/js-cookie/-/js-cookie-2.2.1.tgz",
      "integrity": "sha512-HvdH2LzI/EAZcUwA8+0nKNtWHqS+ZmijLA30RwZA0bo7ToCckjK5MkGhjED9KoRcXO6BaGI3I9UIzSA1FKFPOQ==",
      "dev": true
    },
    "mdn-data": {
      "version": "2.0.14",
      "resolved": "https://registry.npmjs.org/mdn-data/-/mdn-data-2.0.14.tgz",
      "integrity": "sha512-dn6wd0uw5GsdswPFfsgMp5NSB0/aDe6fK94YJV/AJDYXL6HVLWBsxeq7js7Ad+mU2K9LAlwpk6kN2D5mwCPVow==",
      "dev": true
    },
    "nano-css": {
      "version": "5.3.1",
      "resolved": "https://registry.npmjs.org/nano-css/-/nano-css-5.3.1.tgz",
      "integrity": "sha512-ENPIyNzANQRyYVvb62ajDd7PAyIgS2LIUnT9ewih4yrXSZX4hKoUwssy8WjUH++kEOA5wUTMgNnV7ko5n34kUA==",
      "dev": true,
      "requires": {
        "css-tree": "^1.1.2",
        "csstype": "^3.0.6",
        "fastest-stable-stringify": "^2.0.2",
        "inline-style-prefixer": "^6.0.0",
        "rtl-css-js": "^1.14.0",
        "sourcemap-codec": "^1.4.8",
        "stacktrace-js": "^2.0.2",
        "stylis": "^4.0.6"
      }
    },
    "react-is": {
      "version": "16.13.1",
      "resolved": "https://registry.npmjs.org/react-is/-/react-is-16.13.1.tgz",
      "integrity": "sha512-24e6ynE2H+OKt4kqsOvNd8kBpV65zoxbA4BVsEOB3ARVWQki/DHzaUoC5KuON/BiccDaCCTZBuOcfZs70kR8bQ==",
      "dev": true
    },
    "react-use": {
      "version": "13.27.0",
      "resolved": "https://registry.npmjs.org/react-use/-/react-use-13.27.0.tgz",
      "integrity": "sha512-2lyTyqJWyvnaP/woVtDcFS4B5pUYz0FQWI9pVHk/6TBWom2x3/ziJthkEn/LbCA9Twv39xSQU7Dn0zdIWfsNTQ==",
      "dev": true,
      "requires": {
        "@types/js-cookie": "2.2.5",
        "@xobotyi/scrollbar-width": "1.9.4",
        "copy-to-clipboard": "^3.2.0",
        "fast-deep-equal": "^3.1.1",
        "fast-shallow-equal": "^1.0.0",
        "js-cookie": "^2.2.1",
        "nano-css": "^5.2.1",
        "resize-observer-polyfill": "^1.5.1",
        "screenfull": "^5.0.0",
        "set-harmonic-interval": "^1.0.1",
        "throttle-debounce": "^2.1.0",
        "ts-easing": "^0.2.0",
        "tslib": "^1.10.0"
      }
    },
    "regenerator-runtime": {
      "version": "0.13.7",
      "resolved": "https://registry.npmjs.org/regenerator-runtime/-/regenerator-runtime-0.13.7.tgz",
      "integrity": "sha512-a54FxoJDIr27pgf7IgeQGxmqUNYrcV338lf/6gH456HZ/PhX+5BcwHXG9ajESmwe6WRO0tAzRUrRmNONWgkrew==",
      "dev": true
    },
    "resize-observer-polyfill": {
      "version": "1.5.1",
      "resolved": "https://registry.npmjs.org/resize-observer-polyfill/-/resize-observer-polyfill-1.5.1.tgz",
      "integrity": "sha512-LwZrotdHOo12nQuZlHEmtuXdqGoOD0OhaxopaNFxWzInpEgaLWoVuAMbTzixuosCx2nEG58ngzW3vxdWoxIgdg==",
      "dev": true
    },
    "rtl-css-js": {
      "version": "1.14.0",
      "resolved": "https://registry.npmjs.org/rtl-css-js/-/rtl-css-js-1.14.0.tgz",
      "integrity": "sha512-Dl5xDTeN3e7scU1cWX8c9b6/Nqz3u/HgR4gePc1kWXYiQWVQbKCEyK6+Hxve9LbcJ5EieHy1J9nJCN3grTtGwg==",
      "dev": true,
      "requires": {
        "@babel/runtime": "^7.1.2"
      }
    },
    "screenfull": {
      "version": "5.1.0",
      "resolved": "https://registry.npmjs.org/screenfull/-/screenfull-5.1.0.tgz",
      "integrity": "sha512-dYaNuOdzr+kc6J6CFcBrzkLCfyGcMg+gWkJ8us93IQ7y1cevhQAugFsaCdMHb6lw8KV3xPzSxzH7zM1dQap9mA==",
      "dev": true
    },
    "set-harmonic-interval": {
      "version": "1.0.1",
      "resolved": "https://registry.npmjs.org/set-harmonic-interval/-/set-harmonic-interval-1.0.1.tgz",
      "integrity": "sha512-AhICkFV84tBP1aWqPwLZqFvAwqEoVA9kxNMniGEUvzOlm4vLmOFLiTT3UZ6bziJTy4bOVpzWGTfSCbmaayGx8g==",
      "dev": true
    },
    "source-map": {
      "version": "0.6.1",
      "resolved": "https://registry.npmjs.org/source-map/-/source-map-0.6.1.tgz",
      "integrity": "sha512-UjgapumWlbMhkBgzT7Ykc5YXUT46F0iKu8SGXq0bcwP5dz/h0Plj6enJqjz1Zbq2l5WaqYnrVbwWOWMyF3F47g==",
      "dev": true
    },
    "sourcemap-codec": {
      "version": "1.4.8",
      "resolved": "https://registry.npmjs.org/sourcemap-codec/-/sourcemap-codec-1.4.8.tgz",
      "integrity": "sha512-9NykojV5Uih4lgo5So5dtw+f0JgJX30KCNI8gwhz2J9A15wD0Ml6tjHKwf6fTSa6fAdVBdZeNOs9eJ71qCk8vA==",
      "dev": true
    },
    "stack-generator": {
      "version": "2.0.5",
      "resolved": "https://registry.npmjs.org/stack-generator/-/stack-generator-2.0.5.tgz",
      "integrity": "sha512-/t1ebrbHkrLrDuNMdeAcsvynWgoH/i4o8EGGfX7dEYDoTXOYVAkEpFdtshlvabzc6JlJ8Kf9YdFEoz7JkzGN9Q==",
      "dev": true,
      "requires": {
        "stackframe": "^1.1.1"
      }
    },
    "stackframe": {
      "version": "1.2.0",
      "resolved": "https://registry.npmjs.org/stackframe/-/stackframe-1.2.0.tgz",
      "integrity": "sha512-GrdeshiRmS1YLMYgzF16olf2jJ/IzxXY9lhKOskuVziubpTYcYqyOwYeJKzQkwy7uN0fYSsbsC4RQaXf9LCrYA==",
      "dev": true
    },
    "stacktrace-gps": {
      "version": "3.0.4",
      "resolved": "https://registry.npmjs.org/stacktrace-gps/-/stacktrace-gps-3.0.4.tgz",
      "integrity": "sha512-qIr8x41yZVSldqdqe6jciXEaSCKw1U8XTXpjDuy0ki/apyTn/r3w9hDAAQOhZdxvsC93H+WwwEu5cq5VemzYeg==",
      "dev": true,
      "requires": {
        "source-map": "0.5.6",
        "stackframe": "^1.1.1"
      },
      "dependencies": {
        "source-map": {
          "version": "0.5.6",
          "resolved": "https://registry.npmjs.org/source-map/-/source-map-0.5.6.tgz",
          "integrity": "sha1-dc449SvwczxafwwRjYEzSiu19BI=",
          "dev": true
        }
      }
    },
    "stacktrace-js": {
      "version": "2.0.2",
      "resolved": "https://registry.npmjs.org/stacktrace-js/-/stacktrace-js-2.0.2.tgz",
      "integrity": "sha512-Je5vBeY4S1r/RnLydLl0TBTi3F2qdfWmYsGvtfZgEI+SCprPppaIhQf5nGcal4gI4cGpCV/duLcAzT1np6sQqg==",
      "dev": true,
      "requires": {
        "error-stack-parser": "^2.0.6",
        "stack-generator": "^2.0.5",
        "stacktrace-gps": "^3.0.4"
      }
    },
    "stylis": {
      "version": "4.0.6",
      "resolved": "https://registry.npmjs.org/stylis/-/stylis-4.0.6.tgz",
      "integrity": "sha512-1igcUEmYFBEO14uQHAJhCUelTR5jPztfdVKrYxRnDa5D5Dn3w0NxXupJNPr/VV/yRfZYEAco8sTIRZzH3sRYKg==",
      "dev": true
    },
    "throttle-debounce": {
      "version": "2.3.0",
      "resolved": "https://registry.npmjs.org/throttle-debounce/-/throttle-debounce-2.3.0.tgz",
      "integrity": "sha512-H7oLPV0P7+jgvrk+6mwwwBDmxTaxnu9HMXmloNLXwnNO0ZxZ31Orah2n8lU1eMPvsaowP2CX+USCgyovXfdOFQ==",
      "dev": true
    },
    "toggle-selection": {
      "version": "1.0.6",
      "resolved": "https://registry.npmjs.org/toggle-selection/-/toggle-selection-1.0.6.tgz",
      "integrity": "sha1-bkWxJj8gF/oKzH2J14sVuL932jI=",
      "dev": true
    },
    "ts-easing": {
      "version": "0.2.0",
      "resolved": "https://registry.npmjs.org/ts-easing/-/ts-easing-0.2.0.tgz",
      "integrity": "sha512-Z86EW+fFFh/IFB1fqQ3/+7Zpf9t2ebOAxNI/V6Wo7r5gqiqtxmgTlQ1qbqQcjLKYeSHPTsEmvlJUDg/EuL0uHQ==",
      "dev": true
    },
    "tslib": {
      "version": "1.14.1",
      "resolved": "https://registry.npmjs.org/tslib/-/tslib-1.14.1.tgz",
      "integrity": "sha512-Xni35NKzjgMrwevysHTCArtLDpPvye8zV/0E4EyYn43P7/7qvQwPh9BGkHewbMulVntbigmcT7rdX3BNo9wRJg==",
      "dev": true
    },
    "typescript": {
      "version": "3.9.7",
      "resolved": "https://registry.npmjs.org/typescript/-/typescript-3.9.7.tgz",
      "integrity": "sha512-BLbiRkiBzAwsjut4x/dsibSTB6yWpwT5qWmC2OfuCg3GgVQCSgMs4vEctYPhsaGtd0AeuuHMkjZ2h2WG8MSzRw==",
      "dev": true
    }
  }
}
