{
    "name": "@sberdevices/plasma-tokens-ios-swift",
    "version": "2.12.0",
    "lockfileVersion": 1,
    "requires": true,
    "dependencies": {
        "@sberdevices/plasma-tokens": {
            "version": "1.8.1",
            "resolved": "https://registry.npmjs.org/@sberdevices/plasma-tokens/-/plasma-tokens-1.8.1.tgz",
            "integrity": "sha512-B+M1ywpVVwEDcGS3kddKkJJkYuuhuYPCTOJY8aLzs0T5Xii0y9GS0UvdoQ74UT/M1ilDWb+grIS2Si8EsKoGOA==",
            "dev": true
        }
    }
}
