{
    "name": "@sberdevices/plasma-tokens-ios-swift",
    "version": "2.19.1",
    "lockfileVersion": 1,
    "requires": true,
    "dependencies": {
        "@sberdevices/plasma-tokens": {
            "version": "1.12.1",
            "resolved": "https://registry.npmjs.org/@sberdevices/plasma-tokens/-/plasma-tokens-1.12.1.tgz",
            "integrity": "sha512-wCiDVsAk6sa1z8IH5sPPnUE2BBBg4JXXiK66b1vKCAiagLQhFdFeLz5Bf3FdtiWH4iYKkXKTGsYlVOMd10+tmQ==",
            "dev": true
        }
    }
}
