{
    "name": "@sberdevices/plasma-tokens-ios-swift",
    "version": "2.8.0",
    "lockfileVersion": 1,
    "requires": true,
    "dependencies": {
        "@sberdevices/plasma-tokens": {
            "version": "1.5.1",
            "resolved": "https://registry.npmjs.org/@sberdevices/plasma-tokens/-/plasma-tokens-1.5.1.tgz",
            "integrity": "sha512-CEMQwCf3LNxV8FlfRS5YGGcRPuYwyoVy58un+84znvBo21hv2e+u+UVEdsYD338u95XUwLKIH77fAGqHuI99UA==",
            "dev": true
        }
    }
}
