{
    "name": "@sberdevices/plasma-docs-ui",
    "version": "0.2.0",
    "lockfileVersion": 1,
    "requires": true,
    "dependencies": {
        "@sberdevices/plasma-core": {
            "version": "1.27.3",
            "resolved": "https://registry.npmjs.org/@sberdevices/plasma-core/-/plasma-core-1.27.3.tgz",
            "integrity": "sha512-8DzMOGceiww+rxpKBcVS+ui9hhqfETFxF1bhTB6QdQiGfO8Bbb0Q6PEY99oGR7UGFa4ps2olg8Yuu2XGxvua1A==",
            "requires": {
                "focus-visible": "5.2.0",
                "lodash.throttle": "4.1.1"
            }
        },
        "@types/hoist-non-react-statics": {
            "version": "3.3.1",
            "resolved": "https://registry.npmjs.org/@types/hoist-non-react-statics/-/hoist-non-react-statics-3.3.1.tgz",
            "integrity": "sha512-iMIqiko6ooLrTh1joXodJK5X9xeEALT1kM5G3ZLhD3hszxBdIEd5C75U834D9mLcINgD4OyZf5uQXjkuYydWvA==",
            "dev": true,
            "requires": {
                "@types/react": "*",
                "hoist-non-react-statics": "^3.3.0"
            }
        },
        "@types/marked": {
            "version": "3.0.1",
            "resolved": "https://registry.npmjs.org/@types/marked/-/marked-3.0.1.tgz",
            "integrity": "sha512-jry/WUAC511P2NBCeiCkfTRCN2VXobeeQa8p8gImOYsRfnuIVfeEsqOJ1pk+CzCwfMCdv3dkTQRCYaNkkFGtxw=="
        },
        "@types/prop-types": {
            "version": "15.7.4",
            "resolved": "https://registry.npmjs.org/@types/prop-types/-/prop-types-15.7.4.tgz",
            "integrity": "sha512-rZ5drC/jWjrArrS8BR6SIr4cWpW09RNTYt9AMZo3Jwwif+iacXAqgVjm0B0Bv/S1jhDXKHqRVNCbACkJ89RAnQ==",
            "dev": true
        },
        "@types/react": {
            "version": "17.0.20",
            "resolved": "https://registry.npmjs.org/@types/react/-/react-17.0.20.tgz",
            "integrity": "sha512-wWZrPlihslrPpcKyCSlmIlruakxr57/buQN1RjlIeaaTWDLtJkTtRW429MoQJergvVKc4IWBpRhWw7YNh/7GVA==",
            "dev": true,
            "requires": {
                "@types/prop-types": "*",
                "@types/scheduler": "*",
                "csstype": "^3.0.2"
            }
        },
        "@types/scheduler": {
            "version": "0.16.2",
            "resolved": "https://registry.npmjs.org/@types/scheduler/-/scheduler-0.16.2.tgz",
            "integrity": "sha512-hppQEBDmlwhFAXKJX2KnWLYu5yMfi91yazPb2l+lbJiwW+wdo1gNeRA+3RgNSO39WYX2euey41KEwnqesU2Jew==",
            "dev": true
        },
        "@types/styled-components": {
            "version": "5.1.14",
            "resolved": "https://registry.npmjs.org/@types/styled-components/-/styled-components-5.1.14.tgz",
            "integrity": "sha512-d6P1/tyNytqKwam3cQXq7a9uPtovc/mdAs7dBiz1YbDdNIT3X4WmuFU78YdSYh84TXVuhOwezZ3EeKuNBhwsHQ==",
            "dev": true,
            "requires": {
                "@types/hoist-non-react-statics": "*",
                "@types/react": "*",
                "csstype": "^3.0.2"
            }
        },
        "csstype": {
            "version": "3.0.8",
            "resolved": "https://registry.npmjs.org/csstype/-/csstype-3.0.8.tgz",
            "integrity": "sha512-jXKhWqXPmlUeoQnF/EhTtTl4C9SnrxSH/jZUih3jmO6lBKr99rP3/+FmrMj4EFpOXzMtXHAZkd3x0E6h6Fgflw==",
            "dev": true
        },
        "focus-visible": {
            "version": "5.2.0",
            "resolved": "https://registry.npmjs.org/focus-visible/-/focus-visible-5.2.0.tgz",
            "integrity": "sha512-Rwix9pBtC1Nuy5wysTmKy+UjbDJpIfg8eHjw0rjZ1mX4GNLz1Bmd16uDpI3Gk1i70Fgcs8Csg2lPm8HULFg9DQ=="
        },
        "hoist-non-react-statics": {
            "version": "3.3.2",
            "resolved": "https://registry.npmjs.org/hoist-non-react-statics/-/hoist-non-react-statics-3.3.2.tgz",
            "integrity": "sha512-/gGivxi8JPKWNm/W0jSmzcMPpfpPLc3dY/6GxhX2hQ9iGj3aDfklV4ET7NjKpSinLpJ5vafa9iiGIEZg10SfBw==",
            "dev": true,
            "requires": {
                "react-is": "^16.7.0"
            }
        },
        "lodash.throttle": {
            "version": "4.1.1",
            "resolved": "https://registry.npmjs.org/lodash.throttle/-/lodash.throttle-4.1.1.tgz",
            "integrity": "sha1-wj6RtxAkKscMN/HhzaknTMOb8vQ="
        },
        "marked": {
            "version": "3.0.7",
            "resolved": "https://registry.npmjs.org/marked/-/marked-3.0.7.tgz",
            "integrity": "sha512-ctKqbnLuNbsHbI26cfMyOlKgXGfl1orOv1AvWWDX7AkgfMOwCWvmuYc+mVLeWhQ9W6hdWVBynOs96VkcscKo0Q=="
        },
        "react-is": {
            "version": "16.13.1",
            "resolved": "https://registry.npmjs.org/react-is/-/react-is-16.13.1.tgz",
            "integrity": "sha512-24e6ynE2H+OKt4kqsOvNd8kBpV65zoxbA4BVsEOB3ARVWQki/DHzaUoC5KuON/BiccDaCCTZBuOcfZs70kR8bQ==",
            "dev": true
        },
        "typescript": {
            "version": "4.4.2",
            "resolved": "https://registry.npmjs.org/typescript/-/typescript-4.4.2.tgz",
            "integrity": "sha512-gzP+t5W4hdy4c+68bfcv0t400HVJMMd2+H9B7gae1nQlBzCqvrXX+6GL/b3GAgyTH966pzrZ70/fRjwAtZksSQ==",
            "dev": true
        }
    }
}
