{
  "name": "@sberdevices/eslint-config",
  "version": "0.4.0",
  "lockfileVersion": 1,
  "requires": true,
  "dependencies": {
    "@sberdevices/eslint-config-base": {
      "version": "0.1.0",
      "resolved": "https://registry.npmjs.org/@sberdevices/eslint-config-base/-/eslint-config-base-0.1.0.tgz",
      "integrity": "sha512-ca60kF8oDY+aPbGs+RmDkTcmb+T4TuWhjf3cHX0RwYTDiDC4jdEEe62zhmYGWDtfe7BlNV2ecAu6/2UOyREhsA=="
    }
  }
}
