{
    "name": "@sberdevices/plasma-tokens-android",
    "version": "2.20.1",
    "lockfileVersion": 1,
    "requires": true,
    "dependencies": {
        "@sberdevices/plasma-tokens": {
            "version": "1.13.0",
            "resolved": "https://registry.npmjs.org/@sberdevices/plasma-tokens/-/plasma-tokens-1.13.0.tgz",
            "integrity": "sha512-Upzym5GOjEzHKhx0hyCm3/vL5L2GViKIfHxgbgIWVzvcko2XAJ/us8Z7LtT1LYlYISMEgCkDBrQFv6aTL1nSoQ==",
            "dev": true
        }
    }
}
