{
    "name": "@sberdevices/plasma-tokens-android",
    "version": "2.15.1",
    "lockfileVersion": 1,
    "requires": true,
    "dependencies": {
        "@sberdevices/plasma-tokens": {
            "version": "1.10.0",
            "resolved": "https://registry.npmjs.org/@sberdevices/plasma-tokens/-/plasma-tokens-1.10.0.tgz",
            "integrity": "sha512-t8JlgGalL9yembvX8pyxirsTWgMeafN0X6gB87PO7w3JbCT5UOfwoH6rhR6kpCTtu4ownPeoGyxB8EcmWl7V5g==",
            "dev": true
        }
    }
}
