{
    "name": "@sberdevices/plasma-tokens-android",
    "version": "2.24.0",
    "lockfileVersion": 1,
    "requires": true,
    "dependencies": {
        "@sberdevices/plasma-tokens": {
            "version": "1.17.0",
            "resolved": "https://registry.npmjs.org/@sberdevices/plasma-tokens/-/plasma-tokens-1.17.0.tgz",
            "integrity": "sha512-m5ERw9iWk46SRXRZkRtCXBhmlEpHbnBeFQzsAwj7Bnu9rny2BDPxEXJnRaM9xay3CAfkTJRnhj68hXL2uHG9bw==",
            "dev": true
        }
    }
}
